
Microsoft Visual Studio Solution File, Format Version 12.00
# Visual Studio Version 16
VisualStudioVersion = 16.0.28729.10
MinimumVisualStudioVersion = 10.0.40219.1
Project("{FAE04EC0-301F-11D3-BF4B-00C04F79EFBC}") = "SelfHost.Console", "SelfHost.Console\SelfHost.Console.csproj", "{67568761-EA26-4C96-B63F-83FFE8FADBA5}"
EndProject
Global
	GlobalSection(SolutionConfigurationPlatforms) = preSolution
		Debug|Any CPU = Debug|Any CPU
		Release|Any CPU = Release|Any CPU
	EndGlobalSection
	GlobalSection(ProjectConfigurationPlatforms) = postSolution
		{67568761-EA26-4C96-B63F-83FFE8FADBA5}.Debug|Any CPU.ActiveCfg = Debug|Any CPU
		{67568761-EA26-4C96-B63F-83FFE8FADBA5}.Debug|Any CPU.Build.0 = Debug|Any CPU
		{67568761-EA26-4C96-B63F-83FFE8FADBA5}.Release|Any CPU.ActiveCfg = Release|Any CPU
		{67568761-EA26-4C96-B63F-83FFE8FADBA5}.Release|Any CPU.Build.0 = Release|Any CPU
	EndGlobalSection
	GlobalSection(SolutionProperties) = preSolution
		HideSolutionNode = FALSE
	EndGlobalSection
	GlobalSection(ExtensibilityGlobals) = postSolution
		SolutionGuid = {189F063C-5219-4CF2-A852-864575C12869}
	EndGlobalSection
EndGlobal
